// !$*UTF8*$!
{
	archiveVersion = 1;
	classes = {
	};
	objectVersion = 55;
	objects = {

/* Begin PBXBuildFile section */
		47309E332868A61D00EF44FB /* AppDelegate.swift in Sources */ = {isa = PBXBuildFile; fileRef = 47309E322868A61D00EF44FB /* AppDelegate.swift */; };
		47309E352868A61D00EF44FB /* SceneDelegate.swift in Sources */ = {isa = PBXBuildFile; fileRef = 47309E342868A61D00EF44FB /* SceneDelegate.swift */; };
		47309E372868A61D00EF44FB /* SearchViewController.swift in Sources */ = {isa = PBXBuildFile; fileRef = 47309E362868A61D00EF44FB /* SearchViewController.swift */; };
		47309E3C2868A62000EF44FB /* Assets.xcassets in Resources */ = {isa = PBXBuildFile; fileRef = 47309E3B2868A62000EF44FB /* Assets.xcassets */; };
		47309E3F2868A62000EF44FB /* LaunchScreen.storyboard in Resources */ = {isa = PBXBuildFile; fileRef = 47309E3D2868A62000EF44FB /* LaunchScreen.storyboard */; };
		47309E4A2868ADB200EF44FB /* ServiceManager.swift in Sources */ = {isa = PBXBuildFile; fileRef = 47309E492868ADB200EF44FB /* ServiceManager.swift */; };
		47309E4C2868B04700EF44FB /* Services.swift in Sources */ = {isa = PBXBuildFile; fileRef = 47309E4B2868B04700EF44FB /* Services.swift */; };
		47309E4F2868B23D00EF44FB /* Search.swift in Sources */ = {isa = PBXBuildFile; fileRef = 47309E4E2868B23D00EF44FB /* Search.swift */; };
		47309E522868B43E00EF44FB /* Constant.swift in Sources */ = {isa = PBXBuildFile; fileRef = 47309E512868B43E00EF44FB /* Constant.swift */; };
		47309E542868B45800EF44FB /* Network.swift in Sources */ = {isa = PBXBuildFile; fileRef = 47309E532868B45800EF44FB /* Network.swift */; };
		47309E562868B48900EF44FB /* Properties.swift in Sources */ = {isa = PBXBuildFile; fileRef = 47309E552868B48900EF44FB /* Properties.swift */; };
		47309E582868B4AA00EF44FB /* Cell.swift in Sources */ = {isa = PBXBuildFile; fileRef = 47309E572868B4AA00EF44FB /* Cell.swift */; };
		47309E5B2868BD7600EF44FB /* SearchViewModel.swift in Sources */ = {isa = PBXBuildFile; fileRef = 47309E5A2868BD7600EF44FB /* SearchViewModel.swift */; };
		47309E5E2869AA7700EF44FB /* SearchCollectionViewFeatures.swift in Sources */ = {isa = PBXBuildFile; fileRef = 47309E5D2869AA7700EF44FB /* SearchCollectionViewFeatures.swift */; };
		47309E602869AA9800EF44FB /* SearchCollectionViewCell.swift in Sources */ = {isa = PBXBuildFile; fileRef = 47309E5F2869AA9800EF44FB /* SearchCollectionViewCell.swift */; };
		47309E62286A107900EF44FB /* SearchDetail.swift in Sources */ = {isa = PBXBuildFile; fileRef = 47309E61286A107900EF44FB /* SearchDetail.swift */; };
		47309E65286A132B00EF44FB /* SearchDetailViewController.swift in Sources */ = {isa = PBXBuildFile; fileRef = 47309E64286A132B00EF44FB /* SearchDetailViewController.swift */; };
		47309E67286B11EB00EF44FB /* DetailProperties.swift in Sources */ = {isa = PBXBuildFile; fileRef = 47309E66286B11EB00EF44FB /* DetailProperties.swift */; };
		47309E6A286B51FB00EF44FB /* LoginViewController.swift in Sources */ = {isa = PBXBuildFile; fileRef = 47309E69286B51FA00EF44FB /* LoginViewController.swift */; };
		EA4E7F43573CBABE5FC117CC /* Pods_UserAndSearchApp.framework in Frameworks */ = {isa = PBXBuildFile; fileRef = 1EF83258FAAC15A2F828DE1D /* Pods_UserAndSearchApp.framework */; };
/* End PBXBuildFile section */

/* Begin PBXFileReference section */
		1EF83258FAAC15A2F828DE1D /* Pods_UserAndSearchApp.framework */ = {isa = PBXFileReference; explicitFileType = wrapper.framework; includeInIndex = 0; path = Pods_UserAndSearchApp.framework; sourceTree = BUILT_PRODUCTS_DIR; };
		47309E2F2868A61D00EF44FB /* UserAndSearchApp.app */ = {isa = PBXFileReference; explicitFileType = wrapper.application; includeInIndex = 0; path = UserAndSearchApp.app; sourceTree = BUILT_PRODUCTS_DIR; };
		47309E322868A61D00EF44FB /* AppDelegate.swift */ = {isa = PBXFileReference; lastKnownFileType = sourcecode.swift; path = AppDelegate.swift; sourceTree = "<group>"; };
		47309E342868A61D00EF44FB /* SceneDelegate.swift */ = {isa = PBXFileReference; lastKnownFileType = sourcecode.swift; path = SceneDelegate.swift; sourceTree = "<group>"; };
		47309E362868A61D00EF44FB /* SearchViewController.swift */ = {isa = PBXFileReference; lastKnownFileType = sourcecode.swift; path = SearchViewController.swift; sourceTree = "<group>"; };
		47309E3B2868A62000EF44FB /* Assets.xcassets */ = {isa = PBXFileReference; lastKnownFileType = folder.assetcatalog; path = Assets.xcassets; sourceTree = "<group>"; };
		47309E3E2868A62000EF44FB /* Base */ = {isa = PBXFileReference; lastKnownFileType = file.storyboard; name = Base; path = Base.lproj/LaunchScreen.storyboard; sourceTree = "<group>"; };
		47309E402868A62000EF44FB /* Info.plist */ = {isa = PBXFileReference; lastKnownFileType = text.plist.xml; path = Info.plist; sourceTree = "<group>"; };
		47309E492868ADB200EF44FB /* ServiceManager.swift */ = {isa = PBXFileReference; lastKnownFileType = sourcecode.swift; path = ServiceManager.swift; sourceTree = "<group>"; };
		47309E4B2868B04700EF44FB /* Services.swift */ = {isa = PBXFileReference; lastKnownFileType = sourcecode.swift; path = Services.swift; sourceTree = "<group>"; };
		47309E4E2868B23D00EF44FB /* Search.swift */ = {isa = PBXFileReference; lastKnownFileType = sourcecode.swift; path = Search.swift; sourceTree = "<group>"; };
		47309E512868B43E00EF44FB /* Constant.swift */ = {isa = PBXFileReference; lastKnownFileType = sourcecode.swift; path = Constant.swift; sourceTree = "<group>"; };
		47309E532868B45800EF44FB /* Network.swift */ = {isa = PBXFileReference; lastKnownFileType = sourcecode.swift; path = Network.swift; sourceTree = "<group>"; };
		47309E552868B48900EF44FB /* Properties.swift */ = {isa = PBXFileReference; lastKnownFileType = sourcecode.swift; path = Properties.swift; sourceTree = "<group>"; };
		47309E572868B4AA00EF44FB /* Cell.swift */ = {isa = PBXFileReference; lastKnownFileType = sourcecode.swift; path = Cell.swift; sourceTree = "<group>"; };
		47309E5A2868BD7600EF44FB /* SearchViewModel.swift */ = {isa = PBXFileReference; lastKnownFileType = sourcecode.swift; path = SearchViewModel.swift; sourceTree = "<group>"; };
		47309E5D2869AA7700EF44FB /* SearchCollectionViewFeatures.swift */ = {isa = PBXFileReference; lastKnownFileType = sourcecode.swift; path = SearchCollectionViewFeatures.swift; sourceTree = "<group>"; };
		47309E5F2869AA9800EF44FB /* SearchCollectionViewCell.swift */ = {isa = PBXFileReference; lastKnownFileType = sourcecode.swift; path = SearchCollectionViewCell.swift; sourceTree = "<group>"; };
		47309E61286A107900EF44FB /* SearchDetail.swift */ = {isa = PBXFileReference; lastKnownFileType = sourcecode.swift; path = SearchDetail.swift; sourceTree = "<group>"; };
		47309E64286A132B00EF44FB /* SearchDetailViewController.swift */ = {isa = PBXFileReference; lastKnownFileType = sourcecode.swift; path = SearchDetailViewController.swift; sourceTree = "<group>"; };
		47309E66286B11EB00EF44FB /* DetailProperties.swift */ = {isa = PBXFileReference; lastKnownFileType = sourcecode.swift; path = DetailProperties.swift; sourceTree = "<group>"; };
		47309E69286B51FA00EF44FB /* LoginViewController.swift */ = {isa = PBXFileReference; lastKnownFileType = sourcecode.swift; path = LoginViewController.swift; sourceTree = "<group>"; };
		495783933747382B8A706F40 /* Pods-UserAndSearchApp.debug.xcconfig */ = {isa = PBXFileReference; includeInIndex = 1; lastKnownFileType = text.xcconfig; name = "Pods-UserAndSearchApp.debug.xcconfig"; path = "Target Support Files/Pods-UserAndSearchApp/Pods-UserAndSearchApp.debug.xcconfig"; sourceTree = "<group>"; };
		6DCA2DB8CD458EEDCF1824F6 /* Pods-UserAndSearchApp.release.xcconfig */ = {isa = PBXFileReference; includeInIndex = 1; lastKnownFileType = text.xcconfig; name = "Pods-UserAndSearchApp.release.xcconfig"; path = "Target Support Files/Pods-UserAndSearchApp/Pods-UserAndSearchApp.release.xcconfig"; sourceTree = "<group>"; };
/* End PBXFileReference section */

/* Begin PBXFrameworksBuildPhase section */
		47309E2C2868A61D00EF44FB /* Frameworks */ = {
			isa = PBXFrameworksBuildPhase;
			buildActionMask = 2147483647;
			files = (
				EA4E7F43573CBABE5FC117CC /* Pods_UserAndSearchApp.framework in Frameworks */,
			);
			runOnlyForDeploymentPostprocessing = 0;
		};
/* End PBXFrameworksBuildPhase section */

/* Begin PBXGroup section */
		202D0579FE0B8AC029B55768 /* Pods */ = {
			isa = PBXGroup;
			children = (
				495783933747382B8A706F40 /* Pods-UserAndSearchApp.debug.xcconfig */,
				6DCA2DB8CD458EEDCF1824F6 /* Pods-UserAndSearchApp.release.xcconfig */,
			);
			path = Pods;
			sourceTree = "<group>";
		};
		3850E4AC9CED29B79D34A8E8 /* Frameworks */ = {
			isa = PBXGroup;
			children = (
				1EF83258FAAC15A2F828DE1D /* Pods_UserAndSearchApp.framework */,
			);
			name = Frameworks;
			sourceTree = "<group>";
		};
		47309E262868A61D00EF44FB = {
			isa = PBXGroup;
			children = (
				47309E312868A61D00EF44FB /* UserAndSearchApp */,
				47309E302868A61D00EF44FB /* Products */,
				202D0579FE0B8AC029B55768 /* Pods */,
				3850E4AC9CED29B79D34A8E8 /* Frameworks */,
			);
			sourceTree = "<group>";
		};
		47309E302868A61D00EF44FB /* Products */ = {
			isa = PBXGroup;
			children = (
				47309E2F2868A61D00EF44FB /* UserAndSearchApp.app */,
			);
			name = Products;
			sourceTree = "<group>";
		};
		47309E312868A61D00EF44FB /* UserAndSearchApp */ = {
			isa = PBXGroup;
			children = (
				47309E502868B42D00EF44FB /* Constant */,
				47309E482868AD8800EF44FB /* Network */,
				47309E4D2868B22800EF44FB /* Model */,
				47309E472868A6F800EF44FB /* Screens */,
				47309E462868A6BE00EF44FB /* App */,
				47309E402868A62000EF44FB /* Info.plist */,
			);
			path = UserAndSearchApp;
			sourceTree = "<group>";
		};
		47309E462868A6BE00EF44FB /* App */ = {
			isa = PBXGroup;
			children = (
				47309E322868A61D00EF44FB /* AppDelegate.swift */,
				47309E342868A61D00EF44FB /* SceneDelegate.swift */,
				47309E3B2868A62000EF44FB /* Assets.xcassets */,
				47309E3D2868A62000EF44FB /* LaunchScreen.storyboard */,
			);
			path = App;
			sourceTree = "<group>";
		};
		47309E472868A6F800EF44FB /* Screens */ = {
			isa = PBXGroup;
			children = (
				47309E68286B51D000EF44FB /* Login */,
				47309E592868BD4F00EF44FB /* SearchList */,
				47309E63286A12D800EF44FB /* SearchDetail */,
			);
			path = Screens;
			sourceTree = "<group>";
		};
		47309E482868AD8800EF44FB /* Network */ = {
			isa = PBXGroup;
			children = (
				47309E492868ADB200EF44FB /* ServiceManager.swift */,
				47309E4B2868B04700EF44FB /* Services.swift */,
			);
			path = Network;
			sourceTree = "<group>";
		};
		47309E4D2868B22800EF44FB /* Model */ = {
			isa = PBXGroup;
			children = (
				47309E4E2868B23D00EF44FB /* Search.swift */,
				47309E61286A107900EF44FB /* SearchDetail.swift */,
			);
			path = Model;
			sourceTree = "<group>";
		};
		47309E502868B42D00EF44FB /* Constant */ = {
			isa = PBXGroup;
			children = (
				47309E512868B43E00EF44FB /* Constant.swift */,
				47309E532868B45800EF44FB /* Network.swift */,
				47309E552868B48900EF44FB /* Properties.swift */,
				47309E572868B4AA00EF44FB /* Cell.swift */,
				47309E66286B11EB00EF44FB /* DetailProperties.swift */,
			);
			path = Constant;
			sourceTree = "<group>";
		};
		47309E592868BD4F00EF44FB /* SearchList */ = {
			isa = PBXGroup;
			children = (
				47309E362868A61D00EF44FB /* SearchViewController.swift */,
				47309E5A2868BD7600EF44FB /* SearchViewModel.swift */,
				47309E5C2869AA4F00EF44FB /* SearchCollectionView */,
			);
			path = SearchList;
			sourceTree = "<group>";
		};
		47309E5C2869AA4F00EF44FB /* SearchCollectionView */ = {
			isa = PBXGroup;
			children = (
				47309E5D2869AA7700EF44FB /* SearchCollectionViewFeatures.swift */,
				47309E5F2869AA9800EF44FB /* SearchCollectionViewCell.swift */,
			);
			path = SearchCollectionView;
			sourceTree = "<group>";
		};
		47309E63286A12D800EF44FB /* SearchDetail */ = {
			isa = PBXGroup;
			children = (
				47309E64286A132B00EF44FB /* SearchDetailViewController.swift */,
			);
			path = SearchDetail;
			sourceTree = "<group>";
		};
		47309E68286B51D000EF44FB /* Login */ = {
			isa = PBXGroup;
			children = (
				47309E69286B51FA00EF44FB /* LoginViewController.swift */,
			);
			path = Login;
			sourceTree = "<group>";
		};
/* End PBXGroup section */

/* Begin PBXNativeTarget section */
		47309E2E2868A61D00EF44FB /* UserAndSearchApp */ = {
			isa = PBXNativeTarget;
			buildConfigurationList = 47309E432868A62000EF44FB /* Build configuration list for PBXNativeTarget "UserAndSearchApp" */;
			buildPhases = (
				8CA7A6601D8DABCB49D6A7AE /* [CP] Check Pods Manifest.lock */,
				47309E2B2868A61D00EF44FB /* Sources */,
				47309E2C2868A61D00EF44FB /* Frameworks */,
				47309E2D2868A61D00EF44FB /* Resources */,
				AB73B19AE16C84FC27296EB9 /* [CP] Embed Pods Frameworks */,
			);
			buildRules = (
			);
			dependencies = (
			);
			name = UserAndSearchApp;
			productName = UserAndSearchApp;
			productReference = 47309E2F2868A61D00EF44FB /* UserAndSearchApp.app */;
			productType = "com.apple.product-type.application";
		};
/* End PBXNativeTarget section */

/* Begin PBXProject section */
		47309E272868A61D00EF44FB /* Project object */ = {
			isa = PBXProject;
			attributes = {
				BuildIndependentTargetsInParallel = 1;
				LastSwiftUpdateCheck = 1320;
				LastUpgradeCheck = 1320;
				TargetAttributes = {
					47309E2E2868A61D00EF44FB = {
						CreatedOnToolsVersion = 13.2.1;
					};
				};
			};
			buildConfigurationList = 47309E2A2868A61D00EF44FB /* Build configuration list for PBXProject "UserAndSearchApp" */;
			compatibilityVersion = "Xcode 13.0";
			developmentRegion = en;
			hasScannedForEncodings = 0;
			knownRegions = (
				en,
				Base,
			);
			mainGroup = 47309E262868A61D00EF44FB;
			productRefGroup = 47309E302868A61D00EF44FB /* Products */;
			projectDirPath = "";
			projectRoot = "";
			targets = (
				47309E2E2868A61D00EF44FB /* UserAndSearchApp */,
			);
		};
/* End PBXProject section */

/* Begin PBXResourcesBuildPhase section */
		47309E2D2868A61D00EF44FB /* Resources */ = {
			isa = PBXResourcesBuildPhase;
			buildActionMask = 2147483647;
			files = (
				47309E3F2868A62000EF44FB /* LaunchScreen.storyboard in Resources */,
				47309E3C2868A62000EF44FB /* Assets.xcassets in Resources */,
			);
			runOnlyForDeploymentPostprocessing = 0;
		};
/* End PBXResourcesBuildPhase section */

/* Begin PBXShellScriptBuildPhase section */
		8CA7A6601D8DABCB49D6A7AE /* [CP] Check Pods Manifest.lock */ = {
			isa = PBXShellScriptBuildPhase;
			buildActionMask = 2147483647;
			files = (
			);
			inputFileListPaths = (
			);
			inputPaths = (
				"${PODS_PODFILE_DIR_PATH}/Podfile.lock",
				"${PODS_ROOT}/Manifest.lock",
			);
			name = "[CP] Check Pods Manifest.lock";
			outputFileListPaths = (
			);
			outputPaths = (
				"$(DERIVED_FILE_DIR)/Pods-UserAndSearchApp-checkManifestLockResult.txt",
			);
			runOnlyForDeploymentPostprocessing = 0;
			shellPath = /bin/sh;
			shellScript = "diff \"${PODS_PODFILE_DIR_PATH}/Podfile.lock\" \"${PODS_ROOT}/Manifest.lock\" > /dev/null\nif [ $? != 0 ] ; then\n    # print error to STDERR\n    echo \"error: The sandbox is not in sync with the Podfile.lock. Run 'pod install' or update your CocoaPods installation.\" >&2\n    exit 1\nfi\n# This output is used by Xcode 'outputs' to avoid re-running this script phase.\necho \"SUCCESS\" > \"${SCRIPT_OUTPUT_FILE_0}\"\n";
			showEnvVarsInLog = 0;
		};
		AB73B19AE16C84FC27296EB9 /* [CP] Embed Pods Frameworks */ = {
			isa = PBXShellScriptBuildPhase;
			buildActionMask = 2147483647;
			files = (
			);
			inputFileListPaths = (
				"${PODS_ROOT}/Target Support Files/Pods-UserAndSearchApp/Pods-UserAndSearchApp-frameworks-${CONFIGURATION}-input-files.xcfilelist",
			);
			name = "[CP] Embed Pods Frameworks";
			outputFileListPaths = (
				"${PODS_ROOT}/Target Support Files/Pods-UserAndSearchApp/Pods-UserAndSearchApp-frameworks-${CONFIGURATION}-output-files.xcfilelist",
			);
			runOnlyForDeploymentPostprocessing = 0;
			shellPath = /bin/sh;
			shellScript = "\"${PODS_ROOT}/Target Support Files/Pods-UserAndSearchApp/Pods-UserAndSearchApp-frameworks.sh\"\n";
			showEnvVarsInLog = 0;
		};
/* End PBXShellScriptBuildPhase section */

/* Begin PBXSourcesBuildPhase section */
		47309E2B2868A61D00EF44FB /* Sources */ = {
			isa = PBXSourcesBuildPhase;
			buildActionMask = 2147483647;
			files = (
				47309E5B2868BD7600EF44FB /* SearchViewModel.swift in Sources */,
				47309E67286B11EB00EF44FB /* DetailProperties.swift in Sources */,
				47309E65286A132B00EF44FB /* SearchDetailViewController.swift in Sources */,
				47309E5E2869AA7700EF44FB /* SearchCollectionViewFeatures.swift in Sources */,
				47309E62286A107900EF44FB /* SearchDetail.swift in Sources */,
				47309E562868B48900EF44FB /* Properties.swift in Sources */,
				47309E522868B43E00EF44FB /* Constant.swift in Sources */,
				47309E4C2868B04700EF44FB /* Services.swift in Sources */,
				47309E542868B45800EF44FB /* Network.swift in Sources */,
				47309E372868A61D00EF44FB /* SearchViewController.swift in Sources */,
				47309E332868A61D00EF44FB /* AppDelegate.swift in Sources */,
				47309E4F2868B23D00EF44FB /* Search.swift in Sources */,
				47309E602869AA9800EF44FB /* SearchCollectionViewCell.swift in Sources */,
				47309E6A286B51FB00EF44FB /* LoginViewController.swift in Sources */,
				47309E582868B4AA00EF44FB /* Cell.swift in Sources */,
				47309E352868A61D00EF44FB /* SceneDelegate.swift in Sources */,
				47309E4A2868ADB200EF44FB /* ServiceManager.swift in Sources */,
			);
			runOnlyForDeploymentPostprocessing = 0;
		};
/* End PBXSourcesBuildPhase section */

/* Begin PBXVariantGroup section */
		47309E3D2868A62000EF44FB /* LaunchScreen.storyboard */ = {
			isa = PBXVariantGroup;
			children = (
				47309E3E2868A62000EF44FB /* Base */,
			);
			name = LaunchScreen.storyboard;
			sourceTree = "<group>";
		};
/* End PBXVariantGroup section */

/* Begin XCBuildConfiguration section */
		47309E412868A62000EF44FB /* Debug */ = {
			isa = XCBuildConfiguration;
			buildSettings = {
				ALWAYS_SEARCH_USER_PATHS = NO;
				CLANG_ANALYZER_NONNULL = YES;
				CLANG_ANALYZER_NUMBER_OBJECT_CONVERSION = YES_AGGRESSIVE;
				CLANG_CXX_LANGUAGE_STANDARD = "gnu++17";
				CLANG_CXX_LIBRARY = "libc++";
				CLANG_ENABLE_MODULES = YES;
				CLANG_ENABLE_OBJC_ARC = YES;
				CLANG_ENABLE_OBJC_WEAK = YES;
				CLANG_WARN_BLOCK_CAPTURE_AUTORELEASING = YES;
				CLANG_WARN_BOOL_CONVERSION = YES;
				CLANG_WARN_COMMA = YES;
				CLANG_WARN_CONSTANT_CONVERSION = YES;
				CLANG_WARN_DEPRECATED_OBJC_IMPLEMENTATIONS = YES;
				CLANG_WARN_DIRECT_OBJC_ISA_USAGE = YES_ERROR;
				CLANG_WARN_DOCUMENTATION_COMMENTS = YES;
				CLANG_WARN_EMPTY_BODY = YES;
				CLANG_WARN_ENUM_CONVERSION = YES;
				CLANG_WARN_INFINITE_RECURSION = YES;
				CLANG_WARN_INT_CONVERSION = YES;
				CLANG_WARN_NON_LITERAL_NULL_CONVERSION = YES;
				CLANG_WARN_OBJC_IMPLICIT_RETAIN_SELF = YES;
				CLANG_WARN_OBJC_LITERAL_CONVERSION = YES;
				CLANG_WARN_OBJC_ROOT_CLASS = YES_ERROR;
				CLANG_WARN_QUOTED_INCLUDE_IN_FRAMEWORK_HEADER = YES;
				CLANG_WARN_RANGE_LOOP_ANALYSIS = YES;
				CLANG_WARN_STRICT_PROTOTYPES = YES;
				CLANG_WARN_SUSPICIOUS_MOVE = YES;
				CLANG_WARN_UNGUARDED_AVAILABILITY = YES_AGGRESSIVE;
				CLANG_WARN_UNREACHABLE_CODE = YES;
				CLANG_WARN__DUPLICATE_METHOD_MATCH = YES;
				COPY_PHASE_STRIP = NO;
				DEBUG_INFORMATION_FORMAT = dwarf;
				ENABLE_STRICT_OBJC_MSGSEND = YES;
				ENABLE_TESTABILITY = YES;
				GCC_C_LANGUAGE_STANDARD = gnu11;
				GCC_DYNAMIC_NO_PIC = NO;
				GCC_NO_COMMON_BLOCKS = YES;
				GCC_OPTIMIZATION_LEVEL = 0;
				GCC_PREPROCESSOR_DEFINITIONS = (
					"DEBUG=1",
					"$(inherited)",
				);
				GCC_WARN_64_TO_32_BIT_CONVERSION = YES;
				GCC_WARN_ABOUT_RETURN_TYPE = YES_ERROR;
				GCC_WARN_UNDECLARED_SELECTOR = YES;
				GCC_WARN_UNINITIALIZED_AUTOS = YES_AGGRESSIVE;
				GCC_WARN_UNUSED_FUNCTION = YES;
				GCC_WARN_UNUSED_VARIABLE = YES;
				IPHONEOS_DEPLOYMENT_TARGET = 15.2;
				MTL_ENABLE_DEBUG_INFO = INCLUDE_SOURCE;
				MTL_FAST_MATH = YES;
				ONLY_ACTIVE_ARCH = YES;
				SDKROOT = iphoneos;
				SWIFT_ACTIVE_COMPILATION_CONDITIONS = DEBUG;
				SWIFT_OPTIMIZATION_LEVEL = "-Onone";
			};
			name = Debug;
		};
		47309E422868A62000EF44FB /* Release */ = {
			isa = XCBuildConfiguration;
			buildSettings = {
				ALWAYS_SEARCH_USER_PATHS = NO;
				CLANG_ANALYZER_NONNULL = YES;
				CLANG_ANALYZER_NUMBER_OBJECT_CONVERSION = YES_AGGRESSIVE;
				CLANG_CXX_LANGUAGE_STANDARD = "gnu++17";
				CLANG_CXX_LIBRARY = "libc++";
				CLANG_ENABLE_MODULES = YES;
				CLANG_ENABLE_OBJC_ARC = YES;
				CLANG_ENABLE_OBJC_WEAK = YES;
				CLANG_WARN_BLOCK_CAPTURE_AUTORELEASING = YES;
				CLANG_WARN_BOOL_CONVERSION = YES;
				CLANG_WARN_COMMA = YES;
				CLANG_WARN_CONSTANT_CONVERSION = YES;
				CLANG_WARN_DEPRECATED_OBJC_IMPLEMENTATIONS = YES;
				CLANG_WARN_DIRECT_OBJC_ISA_USAGE = YES_ERROR;
				CLANG_WARN_DOCUMENTATION_COMMENTS = YES;
				CLANG_WARN_EMPTY_BODY = YES;
				CLANG_WARN_ENUM_CONVERSION = YES;
				CLANG_WARN_INFINITE_RECURSION = YES;
				CLANG_WARN_INT_CONVERSION = YES;
				CLANG_WARN_NON_LITERAL_NULL_CONVERSION = YES;
				CLANG_WARN_OBJC_IMPLICIT_RETAIN_SELF = YES;
				CLANG_WARN_OBJC_LITERAL_CONVERSION = YES;
				CLANG_WARN_OBJC_ROOT_CLASS = YES_ERROR;
				CLANG_WARN_QUOTED_INCLUDE_IN_FRAMEWORK_HEADER = YES;
				CLANG_WARN_RANGE_LOOP_ANALYSIS = YES;
				CLANG_WARN_STRICT_PROTOTYPES = YES;
				CLANG_WARN_SUSPICIOUS_MOVE = YES;
				CLANG_WARN_UNGUARDED_AVAILABILITY = YES_AGGRESSIVE;
				CLANG_WARN_UNREACHABLE_CODE = YES;
				CLANG_WARN__DUPLICATE_METHOD_MATCH = YES;
				COPY_PHASE_STRIP = NO;
				DEBUG_INFORMATION_FORMAT = "dwarf-with-dsym";
				ENABLE_NS_ASSERTIONS = NO;
				ENABLE_STRICT_OBJC_MSGSEND = YES;
				GCC_C_LANGUAGE_STANDARD = gnu11;
				GCC_NO_COMMON_BLOCKS = YES;
				GCC_WARN_64_TO_32_BIT_CONVERSION = YES;
				GCC_WARN_ABOUT_RETURN_TYPE = YES_ERROR;
				GCC_WARN_UNDECLARED_SELECTOR = YES;
				GCC_WARN_UNINITIALIZED_AUTOS = YES_AGGRESSIVE;
				GCC_WARN_UNUSED_FUNCTION = YES;
				GCC_WARN_UNUSED_VARIABLE = YES;
				IPHONEOS_DEPLOYMENT_TARGET = 15.2;
				MTL_ENABLE_DEBUG_INFO = NO;
				MTL_FAST_MATH = YES;
				SDKROOT = iphoneos;
				SWIFT_COMPILATION_MODE = wholemodule;
				SWIFT_OPTIMIZATION_LEVEL = "-O";
				VALIDATE_PRODUCT = YES;
			};
			name = Release;
		};
		47309E442868A62000EF44FB /* Debug */ = {
			isa = XCBuildConfiguration;
			baseConfigurationReference = 495783933747382B8A706F40 /* Pods-UserAndSearchApp.debug.xcconfig */;
			buildSettings = {
				ASSETCATALOG_COMPILER_APPICON_NAME = AppIcon;
				ASSETCATALOG_COMPILER_GLOBAL_ACCENT_COLOR_NAME = AccentColor;
				CODE_SIGN_STYLE = Automatic;
				CURRENT_PROJECT_VERSION = 1;
				DEVELOPMENT_TEAM = VM33FHMWX5;
				GENERATE_INFOPLIST_FILE = YES;
				INFOPLIST_FILE = UserAndSearchApp/Info.plist;
				INFOPLIST_KEY_UIApplicationSupportsIndirectInputEvents = YES;
				INFOPLIST_KEY_UILaunchStoryboardName = LaunchScreen;
				INFOPLIST_KEY_UISupportedInterfaceOrientations_iPad = "UIInterfaceOrientationPortrait UIInterfaceOrientationPortraitUpsideDown UIInterfaceOrientationLandscapeLeft UIInterfaceOrientationLandscapeRight";
				INFOPLIST_KEY_UISupportedInterfaceOrientations_iPhone = "UIInterfaceOrientationPortrait UIInterfaceOrientationLandscapeLeft UIInterfaceOrientationLandscapeRight";
				LD_RUNPATH_SEARCH_PATHS = (
					"$(inherited)",
					"@executable_path/Frameworks",
				);
				MARKETING_VERSION = 1.0;
				PRODUCT_BUNDLE_IDENTIFIER = com.yasemintok.UserAndSearchApp;
				PRODUCT_NAME = "$(TARGET_NAME)";
				SWIFT_EMIT_LOC_STRINGS = YES;
				SWIFT_VERSION = 5.0;
				TARGETED_DEVICE_FAMILY = "1,2";
			};
			name = Debug;
		};
		47309E452868A62000EF44FB /* Release */ = {
			isa = XCBuildConfiguration;
			baseConfigurationReference = 6DCA2DB8CD458EEDCF1824F6 /* Pods-UserAndSearchApp.release.xcconfig */;
			buildSettings = {
				ASSETCATALOG_COMPILER_APPICON_NAME = AppIcon;
				ASSETCATALOG_COMPILER_GLOBAL_ACCENT_COLOR_NAME = AccentColor;
				CODE_SIGN_STYLE = Automatic;
				CURRENT_PROJECT_VERSION = 1;
				DEVELOPMENT_TEAM = VM33FHMWX5;
				GENERATE_INFOPLIST_FILE = YES;
				INFOPLIST_FILE = UserAndSearchApp/Info.plist;
				INFOPLIST_KEY_UIApplicationSupportsIndirectInputEvents = YES;
				INFOPLIST_KEY_UILaunchStoryboardName = LaunchScreen;
				INFOPLIST_KEY_UISupportedInterfaceOrientations_iPad = "UIInterfaceOrientationPortrait UIInterfaceOrientationPortraitUpsideDown UIInterfaceOrientationLandscapeLeft UIInterfaceOrientationLandscapeRight";
				INFOPLIST_KEY_UISupportedInterfaceOrientations_iPhone = "UIInterfaceOrientationPortrait UIInterfaceOrientationLandscapeLeft UIInterfaceOrientationLandscapeRight";
				LD_RUNPATH_SEARCH_PATHS = (
					"$(inherited)",
					"@executable_path/Frameworks",
				);
				MARKETING_VERSION = 1.0;
				PRODUCT_BUNDLE_IDENTIFIER = com.yasemintok.UserAndSearchApp;
				PRODUCT_NAME = "$(TARGET_NAME)";
				SWIFT_EMIT_LOC_STRINGS = YES;
				SWIFT_VERSION = 5.0;
				TARGETED_DEVICE_FAMILY = "1,2";
			};
			name = Release;
		};
/* End XCBuildConfiguration section */

/* Begin XCConfigurationList section */
		47309E2A2868A61D00EF44FB /* Build configuration list for PBXProject "UserAndSearchApp" */ = {
			isa = XCConfigurationList;
			buildConfigurations = (
				47309E412868A62000EF44FB /* Debug */,
				47309E422868A62000EF44FB /* Release */,
			);
			defaultConfigurationIsVisible = 0;
			defaultConfigurationName = Release;
		};
		47309E432868A62000EF44FB /* Build configuration list for PBXNativeTarget "UserAndSearchApp" */ = {
			isa = XCConfigurationList;
			buildConfigurations = (
				47309E442868A62000EF44FB /* Debug */,
				47309E452868A62000EF44FB /* Release */,
			);
			defaultConfigurationIsVisible = 0;
			defaultConfigurationName = Release;
		};
/* End XCConfigurationList section */
	};
	rootObject = 47309E272868A61D00EF44FB /* Project object */;
}
